Microsoft Visual Studio Solution File, Format Version 12.00
# Visual Studio 2012
Project("{FAE04EC0-301F-11D3-BF4B-00C04F79EFBC}") = "FirstProject", "FirstProject.csproj", "{459E5AD0-0122-4F13-8204-9B4AF811A71E}"
EndProject
Global
	GlobalSection(SolutionConfigurationPlatforms) = preSolution
	Debug|Any CPU = Debug|Any CPU
	ExportDebug|Any CPU = ExportDebug|Any CPU
	ExportRelease|Any CPU = ExportRelease|Any CPU
	EndGlobalSection
	GlobalSection(ProjectConfigurationPlatforms) = postSolution
		{459E5AD0-0122-4F13-8204-9B4AF811A71E}.Debug|Any CPU.ActiveCfg = Debug|Any CPU
		{459E5AD0-0122-4F13-8204-9B4AF811A71E}.Debug|Any CPU.Build.0 = Debug|Any CPU
		{459E5AD0-0122-4F13-8204-9B4AF811A71E}.ExportDebug|Any CPU.ActiveCfg = ExportDebug|Any CPU
		{459E5AD0-0122-4F13-8204-9B4AF811A71E}.ExportDebug|Any CPU.Build.0 = ExportDebug|Any CPU
		{459E5AD0-0122-4F13-8204-9B4AF811A71E}.ExportRelease|Any CPU.ActiveCfg = ExportRelease|Any CPU
		{459E5AD0-0122-4F13-8204-9B4AF811A71E}.ExportRelease|Any CPU.Build.0 = ExportRelease|Any CPU
	EndGlobalSection
EndGlobal
